
Microsoft Visual Studio Solution File, Format Version 12.00
# Visual Studio Version 17
VisualStudioVersion = 17.14.36301.6 d17.14
MinimumVisualStudioVersion = 10.0.40219.1
Project("{FAE04EC0-301F-11D3-BF4B-00C04F79EFBC}") = "02c#yt", "02c#yt\02c#yt.csproj", "{28C43C27-A865-45DE-A60F-13972B482B73}"
EndProject
Global
	GlobalSection(SolutionConfigurationPlatforms) = preSolution
		Debug|Any CPU = Debug|Any CPU
		Release|Any CPU = Release|Any CPU
	EndGlobalSection
	GlobalSection(ProjectConfigurationPlatforms) = postSolution
		{28C43C27-A865-45DE-A60F-13972B482B73}.Debug|Any CPU.ActiveCfg = Debug|Any CPU
		{28C43C27-A865-45DE-A60F-13972B482B73}.Debug|Any CPU.Build.0 = Debug|Any CPU
		{28C43C27-A865-45DE-A60F-13972B482B73}.Release|Any CPU.ActiveCfg = Release|Any CPU
		{28C43C27-A865-45DE-A60F-13972B482B73}.Release|Any CPU.Build.0 = Release|Any CPU
	EndGlobalSection
	GlobalSection(SolutionProperties) = preSolution
		HideSolutionNode = FALSE
	EndGlobalSection
	GlobalSection(ExtensibilityGlobals) = postSolution
		SolutionGuid = {2FA44044-3792-424D-BE8E-9730B8A1140C}
	EndGlobalSection
EndGlobal
